
Microsoft Visual Studio Solution File, Format Version 12.00
# Visual Studio Version 17
VisualStudioVersion = 17.7.34009.444
MinimumVisualStudioVersion = 10.0.40219.1
Project("{FAE04EC0-301F-11D3-BF4B-00C04F79EFBC}") = "Dictionary", "Project1\Dictionary.csproj", "{FBCA6EBC-813B-4D23-8C14-414C4E42C1F7}"
EndProject
Global
	GlobalSection(SolutionConfigurationPlatforms) = preSolution
		Debug|Any CPU = Debug|Any CPU
		Release|Any CPU = Release|Any CPU
	EndGlobalSection
	GlobalSection(ProjectConfigurationPlatforms) = postSolution
		{FBCA6EBC-813B-4D23-8C14-414C4E42C1F7}.Debug|Any CPU.ActiveCfg = Debug|Any CPU
		{FBCA6EBC-813B-4D23-8C14-414C4E42C1F7}.Debug|Any CPU.Build.0 = Debug|Any CPU
		{FBCA6EBC-813B-4D23-8C14-414C4E42C1F7}.Release|Any CPU.ActiveCfg = Release|Any CPU
		{FBCA6EBC-813B-4D23-8C14-414C4E42C1F7}.Release|Any CPU.Build.0 = Release|Any CPU
	EndGlobalSection
	GlobalSection(SolutionProperties) = preSolution
		HideSolutionNode = FALSE
	EndGlobalSection
	GlobalSection(ExtensibilityGlobals) = postSolution
		SolutionGuid = {8AC66E27-C038-457F-81BE-5DD37B940387}
	EndGlobalSection
EndGlobal
